{
  "name": "crowdtap.portal",
  "version": "0.0.1",
  "dependencies": {
    "copycopter": {
      "version": "0.0.4",
      "from": "copycopter@0.0.4"
    },
    "es5-shimify": {
      "version": "2.0.5",
      "from": "es5-shimify@2.0.5"
    },
    "gfx": {
      "version": "0.0.4",
      "from": "gfx@0.0.4",
      "dependencies": {
        "jqueryify": {
          "version": "0.0.3",
          "from": "jqueryify@~0.0.1"
        }
      }
    },
    "hem": {
      "version": "0.1.9",
      "from": "hem@0.1.9",
      "dependencies": {
        "eco": {
          "version": "1.1.0-rc-3",
          "from": "eco@1.1.0-rc-3",
          "dependencies": {
            "strscan": {
              "version": "1.0.1",
              "from": "strscan@>=1.0.1"
            }
          }
        },
        "uglify-js": {
          "version": "1.1.1",
          "from": "uglify-js@~1.1.1"
        },
        "fast-detective": {
          "version": "0.0.2",
          "from": "fast-detective@~0.0.1",
          "dependencies": {
            "burrito": {
              "version": "0.2.12",
              "from": "burrito@0.2.x",
              "dependencies": {
                "traverse": {
                  "version": "0.5.2",
                  "from": "traverse@~0.5.1"
                }
              }
            }
          }
        },
        "optimist": {
          "version": "0.2.8",
          "from": "optimist@~0.2.6",
          "dependencies": {
            "wordwrap": {
              "version": "0.0.2",
              "from": "wordwrap@>=0.0.1 <0.1.0"
            }
          }
        },
        "stylus": {
          "version": "0.22.6",
          "from": "stylus@~0.22.6",
          "dependencies": {
            "cssom": {
              "version": "0.2.1",
              "from": "cssom@0.2.1"
            },
            "growl": {
              "version": "1.1.0",
              "from": "growl@1.1.0"
            },
            "mkdirp": {
              "version": "0.0.7",
              "from": "mkdirp@0.0.7"
            }
          }
        },
        "coffee-script": {
          "version": "1.3.3",
          "from": "coffee-script@~1.3.0"
        },
        "watch": {
          "version": "0.4.0",
          "from": "watch@~0.4.0"
        },
        "strata": {
          "version": "0.15.1",
          "from": "strata@0.15.1",
          "dependencies": {
            "usererror": {
              "version": "1.0.2",
              "from": "usererror@~1.0.1"
            },
            "bufferedstream": {
              "version": "1.0.2",
              "from": "bufferedstream@~1.0.1"
            },
            "mime": {
              "version": "1.2.3",
              "from": "mime@1.2.3"
            },
            "strftime": {
              "version": "0.4.6",
              "from": "strftime@0.4.6"
            },
            "markdown": {
              "version": "0.3.1",
              "from": "markdown@~0.3.1"
            }
          }
        }
      }
    },
    "hem-less": {
      "version": "0.1.0",
      "from": "hem-less@0.1.0"
    },
    "json2ify": {
      "version": "0.0.3",
      "from": "json2ify@0.0.3"
    },
    "spine": {
      "version": "1.0.8",
      "from": "spine@1.0.8"
    },
    "underscore": {
      "version": "1.4.4",
      "from": "underscore@1.4.4"
    },
    "swerve": {
      "version": "0.0.3",
      "from": "swerve@0.0.3"
    },
    "coffee-script": {
      "version": "1.6.1",
      "from": "coffee-script@1.6.1"
    },
    "should": {
      "version": "1.2.2",
      "from": "should@1.2.2"
    },
    "forgery": {
      "version": "0.0.3",
      "from": "forgery@0.0.3",
      "dependencies": {
        "hat": {
          "version": "0.0.3",
          "from": "hat@~0.0.3"
        }
      }
    },
    "nock": {
      "version": "0.16.0",
      "from": "nock@0.16.0",
      "dependencies": {
        "propagate": {
          "version": "0.2.2",
          "from": "propagate@0.2.x"
        }
      }
    },
    "strata": {
      "version": "0.20.0",
      "from": "strata@0.20.0",
      "dependencies": {
        "bufferedstream": {
          "version": "1.5.1",
          "from": "bufferedstream@1.5.1"
        },
        "mime": {
          "version": "1.2.3",
          "from": "mime@1.2.3"
        },
        "strftime": {
          "version": "0.4.6",
          "from": "strftime@0.4.6"
        },
        "markdown": {
          "version": "0.3.1",
          "from": "markdown@~0.3.1"
        }
      }
    },
    "sinon": {
      "version": "1.7.2",
      "from": "sinon@1.7.2",
      "dependencies": {
        "buster-format": {
          "version": "0.5.5",
          "from": "buster-format@~0.5",
          "dependencies": {
            "buster-core": {
              "version": "0.6.4",
              "from": "buster-core@>=0.6.2"
            }
          }
        }
      }
    },
    "cucumber": {
      "version": "0.3.0",
      "from": "cucumber@0.3.0",
      "dependencies": {
        "gherkin": {
          "version": "2.11.3",
          "from": "gherkin@2.11.3"
        },
        "jasmine-node": {
          "version": "1.0.26",
          "from": "jasmine-node@1.0.26",
          "dependencies": {
            "jasmine-reporters": {
              "version": "0.2.1",
              "from": "jasmine-reporters@>=0.2.0"
            },
            "requirejs": {
              "version": "2.1.8",
              "from": "requirejs@>=0.27.1"
            }
          }
        },
        "connect": {
          "version": "2.3.2",
          "from": "connect@2.3.2",
          "dependencies": {
            "qs": {
              "version": "0.4.2",
              "from": "qs@0.4.2"
            },
            "mime": {
              "version": "1.2.4",
              "from": "mime@1.2.4"
            },
            "formidable": {
              "version": "1.0.9",
              "from": "formidable@1.0.9"
            },
            "crc": {
              "version": "0.2.0",
              "from": "crc@0.2.0"
            },
            "cookie": {
              "version": "0.0.3",
              "from": "cookie@0.0.3"
            },
            "debug": {
              "version": "0.7.2",
              "from": "debug@*"
            }
          }
        },
        "browserify": {
          "version": "1.15.5",
          "from": "browserify@1.15.5",
          "dependencies": {
            "detective": {
              "version": "0.2.1",
              "from": "detective@~0.2.0",
              "dependencies": {
                "esprima": {
                  "version": "0.9.9",
                  "from": "esprima@~0.9.9"
                }
              }
            },
            "buffer-browserify": {
              "version": "0.0.5",
              "from": "buffer-browserify@~0.0.1",
              "dependencies": {
                "base64-js": {
                  "version": "0.0.2",
                  "from": "base64-js@0.0.2"
                }
              }
            },
            "deputy": {
              "version": "0.0.4",
              "from": "deputy@~0.0.3"
            },
            "syntax-error": {
              "version": "0.0.1",
              "from": "syntax-error@~0.0.0",
              "dependencies": {
                "esprima": {
                  "version": "0.9.9",
                  "from": "esprima@~0.9.9"
                }
              }
            },
            "resolve": {
              "version": "0.2.8",
              "from": "resolve@~0.2.0"
            },
            "nub": {
              "version": "0.0.0",
              "from": "nub@~0.0.0"
            },
            "commondir": {
              "version": "0.0.1",
              "from": "commondir@~0.0.1"
            },
            "optimist": {
              "version": "0.3.7",
              "from": "optimist@~0.3.4",
              "dependencies": {
                "wordwrap": {
                  "version": "0.0.2",
                  "from": "wordwrap@~0.0.2"
                }
              }
            },
            "http-browserify": {
              "version": "0.1.11",
              "from": "http-browserify@~0.1.1",
              "dependencies": {
                "concat-stream": {
                  "version": "0.0.8",
                  "from": "concat-stream@0.0.8"
                }
              }
            },
            "vm-browserify": {
              "version": "0.0.1",
              "from": "vm-browserify@~0.0.0"
            },
            "crypto-browserify": {
              "version": "0.2.3",
              "from": "crypto-browserify@~0"
            }
          }
        },
        "nopt": {
          "version": "1.0.10",
          "from": "nopt@1.0.10",
          "dependencies": {
            "abbrev": {
              "version": "1.0.4",
              "from": "abbrev@1"
            }
          }
        },
        "underscore": {
          "version": "1.3.3",
          "from": "underscore@1.3.3"
        },
        "rimraf": {
          "version": "2.0.2",
          "from": "rimraf@2.0.2",
          "dependencies": {
            "graceful-fs": {
              "version": "1.1.14",
              "from": "graceful-fs@~1.1"
            }
          }
        },
        "mkdirp": {
          "version": "0.3.3",
          "from": "mkdirp@0.3.3"
        },
        "cucumber-html": {
          "version": "0.2.0",
          "from": "cucumber-html@0.2.0"
        },
        "walkdir": {
          "version": "0.0.4",
          "from": "walkdir@0.0.4"
        },
        "coffee-script": {
          "version": "1.3.3",
          "from": "coffee-script@~1.3.0"
        }
      }
    },
    "parachute": {
      "version": "0.0.1-beta.9",
      "from": "parachute@latest",
      "dependencies": {
        "colors": {
          "version": "0.6.0-1",
          "from": "colors@0.6.0-1"
        },
        "gift": {
          "version": "0.0.5",
          "from": "gift@0.0.5"
        },
        "glob": {
          "version": "3.2.3",
          "from": "glob@3.2.3",
          "dependencies": {
            "minimatch": {
              "version": "0.2.12",
              "from": "minimatch@~0.2.11",
              "dependencies": {
                "lru-cache": {
                  "version": "2.3.0",
                  "from": "lru-cache@2"
                },
                "sigmund": {
                  "version": "1.0.0",
                  "from": "sigmund@~1.0.0"
                }
              }
            },
            "graceful-fs": {
              "version": "2.0.0",
              "from": "graceful-fs@~2.0.0"
            },
            "inherits": {
              "version": "2.0.0",
              "from": "inherits@2"
            }
          }
        },
        "hogan.js": {
          "version": "2.0.0",
          "from": "hogan.js@2.0.0"
        },
        "lodash": {
          "version": "1.0.1",
          "from": "lodash@1.0.1"
        },
        "mkdirp": {
          "version": "0.3.5",
          "from": "mkdirp@0.3.5"
        },
        "ncp": {
          "version": "0.4.2",
          "from": "ncp@0.4.2"
        },
        "nopt": {
          "version": "2.1.1",
          "from": "nopt@2.1.1",
          "dependencies": {
            "abbrev": {
              "version": "1.0.4",
              "from": "abbrev@1"
            }
          }
        },
        "rimraf": {
          "version": "2.1.4",
          "from": "rimraf@2.1.4",
          "dependencies": {
            "graceful-fs": {
              "version": "1.2.3",
              "from": "graceful-fs@~1"
            }
          }
        }
      }
    },
    "zombie": {
      "version": "0.13.4",
      "from": "zombie@0.13.4",
      "dependencies": {
        "coffee-script": {
          "version": "1.3.3",
          "from": "coffee-script@~1.3.1"
        },
        "eventsource": {
          "version": "0.0.7",
          "from": "eventsource@~0.0.5"
        },
        "htmlparser": {
          "version": "1.7.6",
          "from": "htmlparser@~1.7.6"
        },
        "jsdom": {
          "version": "0.2.19",
          "from": "jsdom@~0.2.14",
          "dependencies": {
            "cssom": {
              "version": "0.2.5",
              "from": "cssom@0.2.x"
            },
            "cssstyle": {
              "version": "0.2.3",
              "from": "cssstyle@>=0.2.3"
            },
            "contextify": {
              "version": "0.1.6",
              "from": "contextify@0.1.x",
              "dependencies": {
                "bindings": {
                  "version": "1.1.1",
                  "from": "bindings@*"
                }
              }
            }
          }
        },
        "mime": {
          "version": "1.2.9",
          "from": "mime@~1.2.5"
        },
        "request": {
          "version": "2.9.203",
          "from": "request@~2.9.202"
        },
        "tough-cookie": {
          "version": "0.9.15",
          "from": "tough-cookie@~0.9.12",
          "dependencies": {
            "punycode": {
              "version": "1.2.3",
              "from": "punycode@>=0.2.0"
            }
          }
        },
        "ws": {
          "version": "0.4.27",
          "from": "ws@~0.4.14",
          "dependencies": {
            "commander": {
              "version": "0.6.1",
              "from": "commander@~0.6.1"
            },
            "tinycolor": {
              "version": "0.0.1",
              "from": "tinycolor@0.x"
            },
            "options": {
              "version": "0.0.5",
              "from": "options@>=0.0.5"
            }
          }
        }
      }
    },
    "jasmine-node": {
      "version": "1.4.0",
      "from": "jasmine-node@1.4.0",
      "dependencies": {
        "jasmine-reporters": {
          "version": "0.2.1",
          "from": "jasmine-reporters@>=0.2.0"
        },
        "requirejs": {
          "version": "2.1.8",
          "from": "requirejs@>=0.27.1"
        },
        "walkdir": {
          "version": "0.0.7",
          "from": "walkdir@>= 0.0.1"
        },
        "gaze": {
          "version": "0.3.4",
          "from": "gaze@~0.3.2",
          "dependencies": {
            "minimatch": {
              "version": "0.2.12",
              "from": "minimatch@~0.2.9",
              "dependencies": {
                "lru-cache": {
                  "version": "2.3.0",
                  "from": "lru-cache@2"
                },
                "sigmund": {
                  "version": "1.0.0",
                  "from": "sigmund@~1.0.0"
                }
              }
            },
            "fileset": {
              "version": "0.1.5",
              "from": "fileset@~0.1.5",
              "dependencies": {
                "glob": {
                  "version": "3.2.3",
                  "from": "glob@3.x",
                  "dependencies": {
                    "graceful-fs": {
                      "version": "2.0.0",
                      "from": "graceful-fs@~2.0.0"
                    },
                    "inherits": {
                      "version": "2.0.0",
                      "from": "inherits@2"
                    }
                  }
                }
              }
            }
          }
        }
      }
    },
    "jsdom": {
      "version": "0.5.2",
      "from": "jsdom@0.5.2",
      "dependencies": {
        "htmlparser": {
          "version": "1.7.6",
          "from": "htmlparser@1.x"
        },
        "nwmatcher": {
          "version": "1.3.1",
          "from": "nwmatcher@>=1.3.1"
        },
        "request": {
          "version": "2.22.0",
          "from": "request@2.x",
          "dependencies": {
            "qs": {
              "version": "0.6.5",
              "from": "qs@~0.6.0"
            },
            "json-stringify-safe": {
              "version": "4.0.0",
              "from": "json-stringify-safe@~4.0.0"
            },
            "forever-agent": {
              "version": "0.5.0",
              "from": "forever-agent@~0.5.0"
            },
            "tunnel-agent": {
              "version": "0.3.0",
              "from": "tunnel-agent@~0.3.0"
            },
            "http-signature": {
              "version": "0.10.0",
              "from": "http-signature@~0.10.0",
              "dependencies": {
                "assert-plus": {
                  "version": "0.1.2",
                  "from": "assert-plus@0.1.2"
                },
                "asn1": {
                  "version": "0.1.11",
                  "from": "asn1@0.1.11"
                },
                "ctype": {
                  "version": "0.5.2",
                  "from": "ctype@0.5.2"
                }
              }
            },
            "hawk": {
              "version": "0.13.1",
              "from": "hawk@~0.13.0",
              "dependencies": {
                "hoek": {
                  "version": "0.8.5",
                  "from": "hoek@0.8.x"
                },
                "boom": {
                  "version": "0.4.2",
                  "from": "boom@0.4.x",
                  "dependencies": {
                    "hoek": {
                      "version": "0.9.1",
                      "from": "hoek@0.9.x"
                    }
                  }
                },
                "cryptiles": {
                  "version": "0.2.2",
                  "from": "cryptiles@0.2.x"
                },
                "sntp": {
                  "version": "0.2.4",
                  "from": "sntp@0.2.x",
                  "dependencies": {
                    "hoek": {
                      "version": "0.9.1",
                      "from": "hoek@0.9.x"
                    }
                  }
                }
              }
            },
            "aws-sign": {
              "version": "0.3.0",
              "from": "aws-sign@~0.3.0"
            },
            "oauth-sign": {
              "version": "0.3.0",
              "from": "oauth-sign@~0.3.0"
            },
            "cookie-jar": {
              "version": "0.3.0",
              "from": "cookie-jar@~0.3.0"
            },
            "node-uuid": {
              "version": "1.4.0",
              "from": "node-uuid@~1.4.0"
            },
            "mime": {
              "version": "1.2.9",
              "from": "mime@~1.2.9"
            },
            "form-data": {
              "version": "0.0.8",
              "from": "form-data@0.0.8",
              "dependencies": {
                "combined-stream": {
                  "version": "0.0.4",
                  "from": "combined-stream@~0.0.4",
                  "dependencies": {
                    "delayed-stream": {
                      "version": "0.0.5",
                      "from": "delayed-stream@0.0.5"
                    }
                  }
                },
                "async": {
                  "version": "0.2.9",
                  "from": "async@~0.2.7"
                }
              }
            }
          }
        },
        "cssom": {
          "version": "0.2.5",
          "from": "cssom@0.2.x"
        },
        "cssstyle": {
          "version": "0.2.3",
          "from": "cssstyle@>=0.2.3"
        },
        "contextify": {
          "version": "0.1.6",
          "from": "contextify@0.1.x",
          "dependencies": {
            "bindings": {
              "version": "1.1.1",
              "from": "bindings@*"
            }
          }
        }
      }
    },
    "less": {
      "version": "1.4.1",
      "from": "less@~1.4.0",
      "dependencies": {
        "mime": {
          "version": "1.2.9",
          "from": "mime@~1.2.9"
        },
        "request": {
          "version": "2.22.0",
          "from": "request@>=2.12.0",
          "dependencies": {
            "qs": {
              "version": "0.6.5",
              "from": "qs@~0.6.0"
            },
            "json-stringify-safe": {
              "version": "4.0.0",
              "from": "json-stringify-safe@~4.0.0"
            },
            "forever-agent": {
              "version": "0.5.0",
              "from": "forever-agent@~0.5.0"
            },
            "tunnel-agent": {
              "version": "0.3.0",
              "from": "tunnel-agent@~0.3.0"
            },
            "http-signature": {
              "version": "0.10.0",
              "from": "http-signature@~0.10.0",
              "dependencies": {
                "assert-plus": {
                  "version": "0.1.2",
                  "from": "assert-plus@0.1.2"
                },
                "asn1": {
                  "version": "0.1.11",
                  "from": "asn1@0.1.11"
                },
                "ctype": {
                  "version": "0.5.2",
                  "from": "ctype@0.5.2"
                }
              }
            },
            "hawk": {
              "version": "0.13.1",
              "from": "hawk@~0.13.0",
              "dependencies": {
                "hoek": {
                  "version": "0.8.5",
                  "from": "hoek@0.8.x"
                },
                "boom": {
                  "version": "0.4.2",
                  "from": "boom@0.4.x",
                  "dependencies": {
                    "hoek": {
                      "version": "0.9.1",
                      "from": "hoek@0.9.x"
                    }
                  }
                },
                "cryptiles": {
                  "version": "0.2.2",
                  "from": "cryptiles@0.2.x"
                },
                "sntp": {
                  "version": "0.2.4",
                  "from": "sntp@0.2.x",
                  "dependencies": {
                    "hoek": {
                      "version": "0.9.1",
                      "from": "hoek@0.9.x"
                    }
                  }
                }
              }
            },
            "aws-sign": {
              "version": "0.3.0",
              "from": "aws-sign@~0.3.0"
            },
            "oauth-sign": {
              "version": "0.3.0",
              "from": "oauth-sign@~0.3.0"
            },
            "cookie-jar": {
              "version": "0.3.0",
              "from": "cookie-jar@~0.3.0"
            },
            "node-uuid": {
              "version": "1.4.0",
              "from": "node-uuid@~1.4.0"
            },
            "form-data": {
              "version": "0.0.8",
              "from": "form-data@0.0.8",
              "dependencies": {
                "combined-stream": {
                  "version": "0.0.4",
                  "from": "combined-stream@~0.0.4",
                  "dependencies": {
                    "delayed-stream": {
                      "version": "0.0.5",
                      "from": "delayed-stream@0.0.5"
                    }
                  }
                },
                "async": {
                  "version": "0.2.9",
                  "from": "async@~0.2.7"
                }
              }
            }
          }
        },
        "mkdirp": {
          "version": "0.3.5",
          "from": "mkdirp@~0.3.4"
        },
        "ycssmin": {
          "version": "1.0.1",
          "from": "ycssmin@>=1.0.1"
        }
      }
    }
  }
}
